
Microsoft Visual Studio Solution File, Format Version 12.00
# Visual Studio Version 16
VisualStudioVersion = 16.0.29728.190
MinimumVisualStudioVersion = 10.0.40219.1
Project("{9A19103F-16F7-4668-BE54-9A1E7A4F7556}") = "Domain", "Domain\Domain.csproj", "{40C49B2E-7FD4-4AF4-A225-0533A06BE1D4}"
EndProject
Project("{9A19103F-16F7-4668-BE54-9A1E7A4F7556}") = "Data", "Data\Data.csproj", "{C36DE9BD-5387-412E-8D33-DDD5E9C84633}"
EndProject
Project("{9A19103F-16F7-4668-BE54-9A1E7A4F7556}") = "Facade", "Facade\Facade.csproj", "{E5A6FFDA-321D-4713-A6B5-D9333CF5A893}"
EndProject
Project("{9A19103F-16F7-4668-BE54-9A1E7A4F7556}") = "Infra", "Infra\Infra.csproj", "{564E7FD6-0E10-47FF-836D-3B1DA9560AA3}"
EndProject
Project("{9A19103F-16F7-4668-BE54-9A1E7A4F7556}") = "Pages", "Pages\Pages.csproj", "{3E41F70F-9507-46E9-8914-E82CB06CACBE}"
EndProject
Project("{9A19103F-16F7-4668-BE54-9A1E7A4F7556}") = "Soft", "Soft\Soft.csproj", "{55635B98-A4C6-4BC7-B7CB-D02BE299547F}"
EndProject
Project("{9A19103F-16F7-4668-BE54-9A1E7A4F7556}") = "Tests", "Tests\Tests.csproj", "{698A1884-5D69-4825-B834-C45971F67029}"
EndProject
Project("{9A19103F-16F7-4668-BE54-9A1E7A4F7556}") = "Aids", "Aids\Aids.csproj", "{E5878CA7-48E3-4C94-ADE9-19C7B4ABCE9B}"
EndProject
Project("{9A19103F-16F7-4668-BE54-9A1E7A4F7556}") = "Core", "Core\Core.csproj", "{E4EEAC82-EF01-479B-8E39-A6D5AE02B2ED}"
EndProject
Project("{2150E333-8FDC-42A3-9474-1A3956D46DE8}") = "Logi", "Logi", "{F00453DE-3AC2-4BD3-AA0F-3192C4A5028C}"
EndProject
Global
	GlobalSection(SolutionConfigurationPlatforms) = preSolution
		Debug|Any CPU = Debug|Any CPU
		Release|Any CPU = Release|Any CPU
	EndGlobalSection
	GlobalSection(ProjectConfigurationPlatforms) = postSolution
		{40C49B2E-7FD4-4AF4-A225-0533A06BE1D4}.Debug|Any CPU.ActiveCfg = Debug|Any CPU
		{40C49B2E-7FD4-4AF4-A225-0533A06BE1D4}.Debug|Any CPU.Build.0 = Debug|Any CPU
		{40C49B2E-7FD4-4AF4-A225-0533A06BE1D4}.Release|Any CPU.ActiveCfg = Release|Any CPU
		{40C49B2E-7FD4-4AF4-A225-0533A06BE1D4}.Release|Any CPU.Build.0 = Release|Any CPU
		{C36DE9BD-5387-412E-8D33-DDD5E9C84633}.Debug|Any CPU.ActiveCfg = Debug|Any CPU
		{C36DE9BD-5387-412E-8D33-DDD5E9C84633}.Debug|Any CPU.Build.0 = Debug|Any CPU
		{C36DE9BD-5387-412E-8D33-DDD5E9C84633}.Release|Any CPU.ActiveCfg = Release|Any CPU
		{C36DE9BD-5387-412E-8D33-DDD5E9C84633}.Release|Any CPU.Build.0 = Release|Any CPU
		{E5A6FFDA-321D-4713-A6B5-D9333CF5A893}.Debug|Any CPU.ActiveCfg = Debug|Any CPU
		{E5A6FFDA-321D-4713-A6B5-D9333CF5A893}.Debug|Any CPU.Build.0 = Debug|Any CPU
		{E5A6FFDA-321D-4713-A6B5-D9333CF5A893}.Release|Any CPU.ActiveCfg = Release|Any CPU
		{E5A6FFDA-321D-4713-A6B5-D9333CF5A893}.Release|Any CPU.Build.0 = Release|Any CPU
		{564E7FD6-0E10-47FF-836D-3B1DA9560AA3}.Debug|Any CPU.ActiveCfg = Debug|Any CPU
		{564E7FD6-0E10-47FF-836D-3B1DA9560AA3}.Debug|Any CPU.Build.0 = Debug|Any CPU
		{564E7FD6-0E10-47FF-836D-3B1DA9560AA3}.Release|Any CPU.ActiveCfg = Release|Any CPU
		{564E7FD6-0E10-47FF-836D-3B1DA9560AA3}.Release|Any CPU.Build.0 = Release|Any CPU
		{3E41F70F-9507-46E9-8914-E82CB06CACBE}.Debug|Any CPU.ActiveCfg = Debug|Any CPU
		{3E41F70F-9507-46E9-8914-E82CB06CACBE}.Debug|Any CPU.Build.0 = Debug|Any CPU
		{3E41F70F-9507-46E9-8914-E82CB06CACBE}.Release|Any CPU.ActiveCfg = Release|Any CPU
		{3E41F70F-9507-46E9-8914-E82CB06CACBE}.Release|Any CPU.Build.0 = Release|Any CPU
		{55635B98-A4C6-4BC7-B7CB-D02BE299547F}.Debug|Any CPU.ActiveCfg = Debug|Any CPU
		{55635B98-A4C6-4BC7-B7CB-D02BE299547F}.Debug|Any CPU.Build.0 = Debug|Any CPU
		{55635B98-A4C6-4BC7-B7CB-D02BE299547F}.Release|Any CPU.ActiveCfg = Release|Any CPU
		{55635B98-A4C6-4BC7-B7CB-D02BE299547F}.Release|Any CPU.Build.0 = Release|Any CPU
		{698A1884-5D69-4825-B834-C45971F67029}.Debug|Any CPU.ActiveCfg = Debug|Any CPU
		{698A1884-5D69-4825-B834-C45971F67029}.Debug|Any CPU.Build.0 = Debug|Any CPU
		{698A1884-5D69-4825-B834-C45971F67029}.Release|Any CPU.ActiveCfg = Release|Any CPU
		{698A1884-5D69-4825-B834-C45971F67029}.Release|Any CPU.Build.0 = Release|Any CPU
		{E5878CA7-48E3-4C94-ADE9-19C7B4ABCE9B}.Debug|Any CPU.ActiveCfg = Debug|Any CPU
		{E5878CA7-48E3-4C94-ADE9-19C7B4ABCE9B}.Debug|Any CPU.Build.0 = Debug|Any CPU
		{E5878CA7-48E3-4C94-ADE9-19C7B4ABCE9B}.Release|Any CPU.ActiveCfg = Release|Any CPU
		{E5878CA7-48E3-4C94-ADE9-19C7B4ABCE9B}.Release|Any CPU.Build.0 = Release|Any CPU
		{E4EEAC82-EF01-479B-8E39-A6D5AE02B2ED}.Debug|Any CPU.ActiveCfg = Debug|Any CPU
		{E4EEAC82-EF01-479B-8E39-A6D5AE02B2ED}.Debug|Any CPU.Build.0 = Debug|Any CPU
		{E4EEAC82-EF01-479B-8E39-A6D5AE02B2ED}.Release|Any CPU.ActiveCfg = Release|Any CPU
		{E4EEAC82-EF01-479B-8E39-A6D5AE02B2ED}.Release|Any CPU.Build.0 = Release|Any CPU
	EndGlobalSection
	GlobalSection(SolutionProperties) = preSolution
		HideSolutionNode = FALSE
	EndGlobalSection
	GlobalSection(ExtensibilityGlobals) = postSolution
		SolutionGuid = {527D8402-419A-4543-BD90-EAAC3777C6B2}
	EndGlobalSection
EndGlobal
